
Microsoft Visual Studio Solution File, Format Version 12.00
# Visual Studio Version 17
VisualStudioVersion = 17.6.33801.468
MinimumVisualStudioVersion = 10.0.40219.1
Project("{8BC9CEB8-8B4A-11D0-8D11-00A0C91BC942}") = "035. Search Insert Position", "leetcode-cpp\leetcode-cpp.vcxproj", "{F55AA6C1-5BC7-454B-AC80-9C3A2F573897}"
EndProject
Project("{8BC9CEB8-8B4A-11D0-8D11-00A0C91BC942}") = "UnitTest1", "UnitTest1\UnitTest1.vcxproj", "{7C8E470B-8F0C-48BF-BE7A-845D6AB5E1D9}"
EndProject
Project("{8BC9CEB8-8B4A-11D0-8D11-00A0C91BC942}") = "019. Remove Nth Node From End of List", "ConsoleApplication1\ConsoleApplication1.vcxproj", "{E8A71B5C-ADA1-4111-8670-81958D34D147}"
EndProject
Project("{8BC9CEB8-8B4A-11D0-8D11-00A0C91BC942}") = "217. Contains Duplicate", "217. Contains Duplicate\217. Contains Duplicate.vcxproj", "{00E560AC-721C-4347-BC5B-A4D11269C5DC}"
EndProject
Project("{8BC9CEB8-8B4A-11D0-8D11-00A0C91BC942}") = "268. Missing Number", "268. Missing Number\268. Missing Number.vcxproj", "{965C8CCB-5E3F-47A1-9B7B-E7969B24A4B3}"
EndProject
Project("{8BC9CEB8-8B4A-11D0-8D11-00A0C91BC942}") = "121. Best Time to Buy and Sell Stock", "121. Best Time to Buy and Sell Stock\121. Best Time to Buy and Sell Stock.vcxproj", "{4BE50F34-4AD1-4A81-A42C-EFAB3EA3860D}"
EndProject
Project("{8BC9CEB8-8B4A-11D0-8D11-00A0C91BC942}") = "001. Two Sum", "1. Two Sum\1. Two Sum.vcxproj", "{16FCF93B-907A-4EC2-AAF6-01D13BD0D6FD}"
EndProject
Project("{8BC9CEB8-8B4A-11D0-8D11-00A0C91BC942}") = "283. Move Zeroes", "283. Move Zeroes\283. Move Zeroes.vcxproj", "{CDBCA9B7-6F54-4E4C-A1BD-D104D480073D}"
EndProject
Project("{8BC9CEB8-8B4A-11D0-8D11-00A0C91BC942}") = "704. Binary Search", "704. Binary Search\704. Binary Search.vcxproj", "{E0A26965-C34E-4903-8BEB-0DF06C1207E6}"
EndProject
Project("{8BC9CEB8-8B4A-11D0-8D11-00A0C91BC942}") = "021. Merge Two Sorted Lists", "021. Merge Two Sorted Lists\021. Merge Two Sorted Lists.vcxproj", "{61166B8D-E7E7-43F7-8C62-B745F459DE91}"
EndProject
Project("{8BC9CEB8-8B4A-11D0-8D11-00A0C91BC942}") = "LinkedList", "LinkedList\LinkedList.vcxproj", "{086724B1-D2CA-444F-9803-ED515036302D}"
EndProject
Project("{8BC9CEB8-8B4A-11D0-8D11-00A0C91BC942}") = "203. Remove Linked List Elements", "203. Remove Linked List Elements\203. Remove Linked List Elements.vcxproj", "{CAD0A88F-784F-4542-9465-0D4C092A8180}"
EndProject
Global
	GlobalSection(SolutionConfigurationPlatforms) = preSolution
		Debug|x64 = Debug|x64
		Debug|x86 = Debug|x86
		Release|x64 = Release|x64
		Release|x86 = Release|x86
	EndGlobalSection
	GlobalSection(ProjectConfigurationPlatforms) = postSolution
		{F55AA6C1-5BC7-454B-AC80-9C3A2F573897}.Debug|x64.ActiveCfg = Debug|x64
		{F55AA6C1-5BC7-454B-AC80-9C3A2F573897}.Debug|x64.Build.0 = Debug|x64
		{F55AA6C1-5BC7-454B-AC80-9C3A2F573897}.Debug|x86.ActiveCfg = Debug|Win32
		{F55AA6C1-5BC7-454B-AC80-9C3A2F573897}.Debug|x86.Build.0 = Debug|Win32
		{F55AA6C1-5BC7-454B-AC80-9C3A2F573897}.Release|x64.ActiveCfg = Release|x64
		{F55AA6C1-5BC7-454B-AC80-9C3A2F573897}.Release|x64.Build.0 = Release|x64
		{F55AA6C1-5BC7-454B-AC80-9C3A2F573897}.Release|x86.ActiveCfg = Release|Win32
		{F55AA6C1-5BC7-454B-AC80-9C3A2F573897}.Release|x86.Build.0 = Release|Win32
		{7C8E470B-8F0C-48BF-BE7A-845D6AB5E1D9}.Debug|x64.ActiveCfg = Debug|x64
		{7C8E470B-8F0C-48BF-BE7A-845D6AB5E1D9}.Debug|x64.Build.0 = Debug|x64
		{7C8E470B-8F0C-48BF-BE7A-845D6AB5E1D9}.Debug|x86.ActiveCfg = Debug|Win32
		{7C8E470B-8F0C-48BF-BE7A-845D6AB5E1D9}.Debug|x86.Build.0 = Debug|Win32
		{7C8E470B-8F0C-48BF-BE7A-845D6AB5E1D9}.Release|x64.ActiveCfg = Release|x64
		{7C8E470B-8F0C-48BF-BE7A-845D6AB5E1D9}.Release|x64.Build.0 = Release|x64
		{7C8E470B-8F0C-48BF-BE7A-845D6AB5E1D9}.Release|x86.ActiveCfg = Release|Win32
		{7C8E470B-8F0C-48BF-BE7A-845D6AB5E1D9}.Release|x86.Build.0 = Release|Win32
		{E8A71B5C-ADA1-4111-8670-81958D34D147}.Debug|x64.ActiveCfg = Debug|x64
		{E8A71B5C-ADA1-4111-8670-81958D34D147}.Debug|x64.Build.0 = Debug|x64
		{E8A71B5C-ADA1-4111-8670-81958D34D147}.Debug|x86.ActiveCfg = Debug|Win32
		{E8A71B5C-ADA1-4111-8670-81958D34D147}.Debug|x86.Build.0 = Debug|Win32
		{E8A71B5C-ADA1-4111-8670-81958D34D147}.Release|x64.ActiveCfg = Release|x64
		{E8A71B5C-ADA1-4111-8670-81958D34D147}.Release|x64.Build.0 = Release|x64
		{E8A71B5C-ADA1-4111-8670-81958D34D147}.Release|x86.ActiveCfg = Release|Win32
		{E8A71B5C-ADA1-4111-8670-81958D34D147}.Release|x86.Build.0 = Release|Win32
		{00E560AC-721C-4347-BC5B-A4D11269C5DC}.Debug|x64.ActiveCfg = Debug|x64
		{00E560AC-721C-4347-BC5B-A4D11269C5DC}.Debug|x64.Build.0 = Debug|x64
		{00E560AC-721C-4347-BC5B-A4D11269C5DC}.Debug|x86.ActiveCfg = Debug|Win32
		{00E560AC-721C-4347-BC5B-A4D11269C5DC}.Debug|x86.Build.0 = Debug|Win32
		{00E560AC-721C-4347-BC5B-A4D11269C5DC}.Release|x64.ActiveCfg = Release|x64
		{00E560AC-721C-4347-BC5B-A4D11269C5DC}.Release|x64.Build.0 = Release|x64
		{00E560AC-721C-4347-BC5B-A4D11269C5DC}.Release|x86.ActiveCfg = Release|Win32
		{00E560AC-721C-4347-BC5B-A4D11269C5DC}.Release|x86.Build.0 = Release|Win32
		{965C8CCB-5E3F-47A1-9B7B-E7969B24A4B3}.Debug|x64.ActiveCfg = Debug|x64
		{965C8CCB-5E3F-47A1-9B7B-E7969B24A4B3}.Debug|x64.Build.0 = Debug|x64
		{965C8CCB-5E3F-47A1-9B7B-E7969B24A4B3}.Debug|x86.ActiveCfg = Debug|Win32
		{965C8CCB-5E3F-47A1-9B7B-E7969B24A4B3}.Debug|x86.Build.0 = Debug|Win32
		{965C8CCB-5E3F-47A1-9B7B-E7969B24A4B3}.Release|x64.ActiveCfg = Release|x64
		{965C8CCB-5E3F-47A1-9B7B-E7969B24A4B3}.Release|x64.Build.0 = Release|x64
		{965C8CCB-5E3F-47A1-9B7B-E7969B24A4B3}.Release|x86.ActiveCfg = Release|Win32
		{965C8CCB-5E3F-47A1-9B7B-E7969B24A4B3}.Release|x86.Build.0 = Release|Win32
		{4BE50F34-4AD1-4A81-A42C-EFAB3EA3860D}.Debug|x64.ActiveCfg = Debug|x64
		{4BE50F34-4AD1-4A81-A42C-EFAB3EA3860D}.Debug|x64.Build.0 = Debug|x64
		{4BE50F34-4AD1-4A81-A42C-EFAB3EA3860D}.Debug|x86.ActiveCfg = Debug|Win32
		{4BE50F34-4AD1-4A81-A42C-EFAB3EA3860D}.Debug|x86.Build.0 = Debug|Win32
		{4BE50F34-4AD1-4A81-A42C-EFAB3EA3860D}.Release|x64.ActiveCfg = Release|x64
		{4BE50F34-4AD1-4A81-A42C-EFAB3EA3860D}.Release|x64.Build.0 = Release|x64
		{4BE50F34-4AD1-4A81-A42C-EFAB3EA3860D}.Release|x86.ActiveCfg = Release|Win32
		{4BE50F34-4AD1-4A81-A42C-EFAB3EA3860D}.Release|x86.Build.0 = Release|Win32
		{16FCF93B-907A-4EC2-AAF6-01D13BD0D6FD}.Debug|x64.ActiveCfg = Debug|x64
		{16FCF93B-907A-4EC2-AAF6-01D13BD0D6FD}.Debug|x64.Build.0 = Debug|x64
		{16FCF93B-907A-4EC2-AAF6-01D13BD0D6FD}.Debug|x86.ActiveCfg = Debug|Win32
		{16FCF93B-907A-4EC2-AAF6-01D13BD0D6FD}.Debug|x86.Build.0 = Debug|Win32
		{16FCF93B-907A-4EC2-AAF6-01D13BD0D6FD}.Release|x64.ActiveCfg = Release|x64
		{16FCF93B-907A-4EC2-AAF6-01D13BD0D6FD}.Release|x64.Build.0 = Release|x64
		{16FCF93B-907A-4EC2-AAF6-01D13BD0D6FD}.Release|x86.ActiveCfg = Release|Win32
		{16FCF93B-907A-4EC2-AAF6-01D13BD0D6FD}.Release|x86.Build.0 = Release|Win32
		{CDBCA9B7-6F54-4E4C-A1BD-D104D480073D}.Debug|x64.ActiveCfg = Debug|x64
		{CDBCA9B7-6F54-4E4C-A1BD-D104D480073D}.Debug|x64.Build.0 = Debug|x64
		{CDBCA9B7-6F54-4E4C-A1BD-D104D480073D}.Debug|x86.ActiveCfg = Debug|Win32
		{CDBCA9B7-6F54-4E4C-A1BD-D104D480073D}.Debug|x86.Build.0 = Debug|Win32
		{CDBCA9B7-6F54-4E4C-A1BD-D104D480073D}.Release|x64.ActiveCfg = Release|x64
		{CDBCA9B7-6F54-4E4C-A1BD-D104D480073D}.Release|x64.Build.0 = Release|x64
		{CDBCA9B7-6F54-4E4C-A1BD-D104D480073D}.Release|x86.ActiveCfg = Release|Win32
		{CDBCA9B7-6F54-4E4C-A1BD-D104D480073D}.Release|x86.Build.0 = Release|Win32
		{E0A26965-C34E-4903-8BEB-0DF06C1207E6}.Debug|x64.ActiveCfg = Debug|x64
		{E0A26965-C34E-4903-8BEB-0DF06C1207E6}.Debug|x64.Build.0 = Debug|x64
		{E0A26965-C34E-4903-8BEB-0DF06C1207E6}.Debug|x86.ActiveCfg = Debug|Win32
		{E0A26965-C34E-4903-8BEB-0DF06C1207E6}.Debug|x86.Build.0 = Debug|Win32
		{E0A26965-C34E-4903-8BEB-0DF06C1207E6}.Release|x64.ActiveCfg = Release|x64
		{E0A26965-C34E-4903-8BEB-0DF06C1207E6}.Release|x64.Build.0 = Release|x64
		{E0A26965-C34E-4903-8BEB-0DF06C1207E6}.Release|x86.ActiveCfg = Release|Win32
		{E0A26965-C34E-4903-8BEB-0DF06C1207E6}.Release|x86.Build.0 = Release|Win32
		{61166B8D-E7E7-43F7-8C62-B745F459DE91}.Debug|x64.ActiveCfg = Debug|x64
		{61166B8D-E7E7-43F7-8C62-B745F459DE91}.Debug|x64.Build.0 = Debug|x64
		{61166B8D-E7E7-43F7-8C62-B745F459DE91}.Debug|x86.ActiveCfg = Debug|Win32
		{61166B8D-E7E7-43F7-8C62-B745F459DE91}.Debug|x86.Build.0 = Debug|Win32
		{61166B8D-E7E7-43F7-8C62-B745F459DE91}.Release|x64.ActiveCfg = Release|x64
		{61166B8D-E7E7-43F7-8C62-B745F459DE91}.Release|x64.Build.0 = Release|x64
		{61166B8D-E7E7-43F7-8C62-B745F459DE91}.Release|x86.ActiveCfg = Release|Win32
		{61166B8D-E7E7-43F7-8C62-B745F459DE91}.Release|x86.Build.0 = Release|Win32
		{086724B1-D2CA-444F-9803-ED515036302D}.Debug|x64.ActiveCfg = Debug|x64
		{086724B1-D2CA-444F-9803-ED515036302D}.Debug|x64.Build.0 = Debug|x64
		{086724B1-D2CA-444F-9803-ED515036302D}.Debug|x86.ActiveCfg = Debug|Win32
		{086724B1-D2CA-444F-9803-ED515036302D}.Debug|x86.Build.0 = Debug|Win32
		{086724B1-D2CA-444F-9803-ED515036302D}.Release|x64.ActiveCfg = Release|x64
		{086724B1-D2CA-444F-9803-ED515036302D}.Release|x64.Build.0 = Release|x64
		{086724B1-D2CA-444F-9803-ED515036302D}.Release|x86.ActiveCfg = Release|Win32
		{086724B1-D2CA-444F-9803-ED515036302D}.Release|x86.Build.0 = Release|Win32
		{CAD0A88F-784F-4542-9465-0D4C092A8180}.Debug|x64.ActiveCfg = Debug|x64
		{CAD0A88F-784F-4542-9465-0D4C092A8180}.Debug|x64.Build.0 = Debug|x64
		{CAD0A88F-784F-4542-9465-0D4C092A8180}.Debug|x86.ActiveCfg = Debug|Win32
		{CAD0A88F-784F-4542-9465-0D4C092A8180}.Debug|x86.Build.0 = Debug|Win32
		{CAD0A88F-784F-4542-9465-0D4C092A8180}.Release|x64.ActiveCfg = Release|x64
		{CAD0A88F-784F-4542-9465-0D4C092A8180}.Release|x64.Build.0 = Release|x64
		{CAD0A88F-784F-4542-9465-0D4C092A8180}.Release|x86.ActiveCfg = Release|Win32
		{CAD0A88F-784F-4542-9465-0D4C092A8180}.Release|x86.Build.0 = Release|Win32
	EndGlobalSection
	GlobalSection(SolutionProperties) = preSolution
		HideSolutionNode = FALSE
	EndGlobalSection
	GlobalSection(ExtensibilityGlobals) = postSolution
		SolutionGuid = {75506F53-C340-4DEE-B742-62FAF6EE4123}
	EndGlobalSection
EndGlobal
